
Microsoft Visual Studio Solution File, Format Version 12.00
# Visual Studio Version 16
VisualStudioVersion = 16.0.32510.428
MinimumVisualStudioVersion = 10.0.40219.1
Project("{FAE04EC0-301F-11D3-BF4B-00C04F79EFBC}") = "UBookShop", "UBookShop\UBookShop.csproj", "{1B6B0655-4F15-455A-ADC1-36343CD2AA18}"
EndProject
Project("{FAE04EC0-301F-11D3-BF4B-00C04F79EFBC}") = "UBookShopTest", "UBookShopTest\UBookShopTest.csproj", "{3B1F47C9-7AF9-4C62-ABAC-52EA3C743576}"
EndProject
Global
	GlobalSection(SolutionConfigurationPlatforms) = preSolution
		Debug|Any CPU = Debug|Any CPU
		Release|Any CPU = Release|Any CPU
	EndGlobalSection
	GlobalSection(ProjectConfigurationPlatforms) = postSolution
		{1B6B0655-4F15-455A-ADC1-36343CD2AA18}.Debug|Any CPU.ActiveCfg = Debug|Any CPU
		{1B6B0655-4F15-455A-ADC1-36343CD2AA18}.Debug|Any CPU.Build.0 = Debug|Any CPU
		{1B6B0655-4F15-455A-ADC1-36343CD2AA18}.Release|Any CPU.ActiveCfg = Release|Any CPU
		{1B6B0655-4F15-455A-ADC1-36343CD2AA18}.Release|Any CPU.Build.0 = Release|Any CPU
		{3B1F47C9-7AF9-4C62-ABAC-52EA3C743576}.Debug|Any CPU.ActiveCfg = Debug|Any CPU
		{3B1F47C9-7AF9-4C62-ABAC-52EA3C743576}.Debug|Any CPU.Build.0 = Debug|Any CPU
		{3B1F47C9-7AF9-4C62-ABAC-52EA3C743576}.Release|Any CPU.ActiveCfg = Release|Any CPU
		{3B1F47C9-7AF9-4C62-ABAC-52EA3C743576}.Release|Any CPU.Build.0 = Release|Any CPU
	EndGlobalSection
	GlobalSection(SolutionProperties) = preSolution
		HideSolutionNode = FALSE
	EndGlobalSection
	GlobalSection(ExtensibilityGlobals) = postSolution
		SolutionGuid = {85F63B00-39DE-45C7-82EC-C7A005C26F65}
	EndGlobalSection
EndGlobal
